PODS:
  - Alamofire (5.4.1)
  - AlamofireImage (4.1.0):
    - Alamofire (~> 5.1)
  - DropDown (2.3.13)
  - Firebase/CoreOnly (7.10.0):
    - FirebaseCore (= 7.10.0)
  - Firebase/Crashlytics (7.10.0):
    - Firebase/CoreOnly
    - FirebaseCrashlytics (~> 7.10.0)
  - FirebaseCore (7.10.0):
    - FirebaseCoreDiagnostics (~> 7.4)
    - GoogleUtilities/Environment (~> 7.0)
    - GoogleUtilities/Logger (~> 7.0)
  - FirebaseCoreDiagnostics (7.10.0):
    - GoogleDataTransport (~> 8.4)
    - GoogleUtilities/Environment (~> 7.0)
    - GoogleUtilities/Logger (~> 7.0)
    - nanopb (~> 2.30908.0)
  - FirebaseCrashlytics (7.10.0):
    - FirebaseCore (~> 7.0)
    - FirebaseInstallations (~> 7.0)
    - GoogleDataTransport (~> 8.4)
    - nanopb (~> 2.30908.0)
    - PromisesObjC (~> 1.2)
  - FirebaseInstallations (7.10.0):
    - FirebaseCore (~> 7.0)
    - GoogleUtilities/Environment (~> 7.0)
    - GoogleUtilities/UserDefaults (~> 7.0)
    - PromisesObjC (~> 1.2)
  - GoogleDataTransport (8.4.0):
    - GoogleUtilities/Environment (~> 7.2)
    - nanopb (~> 2.30908.0)
    - PromisesObjC (~> 1.2)
  - GoogleUtilities/Environment (7.3.1):
    - PromisesObjC (~> 1.2)
  - GoogleUtilities/Logger (7.3.1):
    - GoogleUtilities/Environment
  - GoogleUtilities/UserDefaults (7.3.1):
    - GoogleUtilities/Logger
  - MaterialComponents/Availability (124.1.1)
  - MaterialComponents/BottomSheet (124.1.1):
    - MaterialComponents/Elevation
    - MaterialComponents/private/KeyboardWatcher
    - MaterialComponents/private/Math
    - MaterialComponents/ShadowElevations
    - MaterialComponents/ShadowLayer
    - MaterialComponents/ShapeLibrary
    - MaterialComponents/Shapes
  - MaterialComponents/Elevation (124.1.1):
    - MaterialComponents/Availability
    - MaterialComponents/private/Color
    - MaterialComponents/private/Math
  - MaterialComponents/private/Application (124.1.1)
  - MaterialComponents/private/Color (124.1.1):
    - MaterialComponents/Availability
  - MaterialComponents/private/KeyboardWatcher (124.1.1):
    - MaterialComponents/private/Application
  - MaterialComponents/private/Math (124.1.1)
  - MaterialComponents/ShadowElevations (124.1.1)
  - MaterialComponents/ShadowLayer (124.1.1):
    - MaterialComponents/ShadowElevations
  - MaterialComponents/ShapeLibrary (124.1.1):
    - MaterialComponents/private/Math
    - MaterialComponents/Shapes
  - MaterialComponents/Shapes (124.1.1):
    - MaterialComponents/private/Color
    - MaterialComponents/private/Math
    - MaterialComponents/ShadowLayer
  - MZDownloadManager (3.6)
  - nanopb (2.30908.0):
    - nanopb/decode (= 2.30908.0)
    - nanopb/encode (= 2.30908.0)
  - nanopb/decode (2.30908.0)
  - nanopb/encode (2.30908.0)
  - PromisesObjC (1.2.12)
  - ReachabilitySwift (5.0.0)
  - RSSelectionMenu (7.1.2)
  - ScrollableSegmentedControl (1.5.0)
  - SVProgressHUD (2.2.5)
  - SwiftQueue (5.0.2):
    - ReachabilitySwift (~> 5.0)

DEPENDENCIES:
  - Alamofire
  - AlamofireImage
  - DropDown
  - Firebase/Crashlytics
  - MaterialComponents/BottomSheet
  - MZDownloadManager
  - RSSelectionMenu
  - ScrollableSegmentedControl
  - SVProgressHUD
  - SwiftQueue

SPEC REPOS:
  trunk:
    - Alamofire
    - AlamofireImage
    - DropDown
    - Firebase
    - FirebaseCore
    - FirebaseCoreDiagnostics
    - FirebaseCrashlytics
    - FirebaseInstallations
    - GoogleDataTransport
    - GoogleUtilities
    - MaterialComponents
    - MZDownloadManager
    - nanopb
    - PromisesObjC
    - ReachabilitySwift
    - RSSelectionMenu
    - ScrollableSegmentedControl
    - SVProgressHUD
    - SwiftQueue

SPEC CHECKSUMS:
  Alamofire: 2291f7d21ca607c491dd17642e5d40fdcda0e65c
  AlamofireImage: c4a2ba349885fb3064feb74d2e547bd42ce9be10
  DropDown: 8a2116376c1981888557f72ec2ffc9a5e0e456ec
  Firebase: fffddd0bab8677d07376538365faa93ff3889b39
  FirebaseCore: ec566d917b2195fc2610aeb148dae99f57a788f9
  FirebaseCoreDiagnostics: 5662a3823ffcc0acbaa9a21ba5ed302fac634705
  FirebaseCrashlytics: e7669d368a22d202f1d0c7546ffdfdff496e1a8c
  FirebaseInstallations: bf2ec8dbf36ff4c91af6b9a003d15855757680c1
  GoogleDataTransport: cd9db2180fcecd8da1b561aea31e3e56cf834aa7
  GoogleUtilities: e1d9ed4e544fc32a93e00e721400cbc3f377200d
  MaterialComponents: b9f58f24bf74588a83b2dce05802a11aaed5257d
  MZDownloadManager: 13a3bdf2dbb4866526d30f454e8061b8571bdf7d
  nanopb: a0ba3315591a9ae0a16a309ee504766e90db0c96
  PromisesObjC: 3113f7f76903778cf4a0586bd1ab89329a0b7b97
  ReachabilitySwift: 985039c6f7b23a1da463388634119492ff86c825
  RSSelectionMenu: f803d0936e074b2fdac2c41bf1d0a5b0c7fdc3e1
  ScrollableSegmentedControl: 2e64bbe8968a7fcd8aae5014434481464fcdfe60
  SVProgressHUD: 1428aafac632c1f86f62aa4243ec12008d7a51d6
  SwiftQueue: 2c5029d522a02f83dd064b5ad94765aca2a63282

PODFILE CHECKSUM: 104e4388107cf60f90ad1e18b646ff02e6c5765e

COCOAPODS: 1.10.1
